
Microsoft Visual Studio Solution File, Format Version 12.00
# Visual Studio Version 17
VisualStudioVersion = 17.7.34031.279
MinimumVisualStudioVersion = 10.0.40219.1
Project("{8BC9CEB8-8B4A-11D0-8D11-00A0C91BC942}") = "GPUProgrammingPractice", "GPUProgrammingPractice\GPUProgrammingPractice.vcxproj", "{82D5E060-CE67-42A1-AA5F-E232A4FF7664}"
EndProject
Global
	GlobalSection(SolutionConfigurationPlatforms) = preSolution
		Debug|x64 = Debug|x64
		Debug|x86 = Debug|x86
		Release|x64 = Release|x64
		Release|x86 = Release|x86
	EndGlobalSection
	GlobalSection(ProjectConfigurationPlatforms) = postSolution
		{82D5E060-CE67-42A1-AA5F-E232A4FF7664}.Debug|x64.ActiveCfg = Debug|x64
		{82D5E060-CE67-42A1-AA5F-E232A4FF7664}.Debug|x64.Build.0 = Debug|x64
		{82D5E060-CE67-42A1-AA5F-E232A4FF7664}.Debug|x86.ActiveCfg = Debug|Win32
		{82D5E060-CE67-42A1-AA5F-E232A4FF7664}.Debug|x86.Build.0 = Debug|Win32
		{82D5E060-CE67-42A1-AA5F-E232A4FF7664}.Release|x64.ActiveCfg = Release|x64
		{82D5E060-CE67-42A1-AA5F-E232A4FF7664}.Release|x64.Build.0 = Release|x64
		{82D5E060-CE67-42A1-AA5F-E232A4FF7664}.Release|x86.ActiveCfg = Release|Win32
		{82D5E060-CE67-42A1-AA5F-E232A4FF7664}.Release|x86.Build.0 = Release|Win32
	EndGlobalSection
	GlobalSection(SolutionProperties) = preSolution
		HideSolutionNode = FALSE
	EndGlobalSection
	GlobalSection(ExtensibilityGlobals) = postSolution
		SolutionGuid = {CDA4EB0A-7163-41B4-84C9-1228A0C02B35}
	EndGlobalSection
EndGlobal
